
Microsoft Visual Studio Solution File, Format Version 12.00
# Visual Studio Version 16
VisualStudioVersion = 16.0.30320.27
MinimumVisualStudioVersion = 10.0.40219.1
Project("{9A19103F-16F7-4668-BE54-9A1E7A4F7556}") = "ApplicationCore", "ApplicationCore\ApplicationCore.csproj", "{A5290CCC-B7A1-4EDA-82CF-0B2B7116EE68}"
EndProject
Project("{9A19103F-16F7-4668-BE54-9A1E7A4F7556}") = "Infrastructure", "Infrastructure\Infrastructure.csproj", "{931FB813-1DA8-4379-8C5E-BC82F5D7E7A1}"
EndProject
Project("{9A19103F-16F7-4668-BE54-9A1E7A4F7556}") = "PublicApi", "PublicApi\PublicApi.csproj", "{F5905428-E1C7-40B2-8CBD-1935A7FD8B67}"
EndProject
Project("{E53339B2-1760-4266-BCC7-CA923CBCF16C}") = "docker-compose", "docker-compose.dcproj", "{1CA47A7D-A14A-4AA3-9FD0-BE78DBEEBA08}"
EndProject
Project("{2150E333-8FDC-42A3-9474-1A3956D46DE8}") = "src", "src", "{7F964D45-311A-4B63-BBC2-2CAE9BAA995C}"
EndProject
Project("{2150E333-8FDC-42A3-9474-1A3956D46DE8}") = "services", "services", "{40F45567-B3D7-46BC-9B49-BED0071F07A4}"
EndProject
Project("{FAE04EC0-301F-11D3-BF4B-00C04F79EFBC}") = "Calculator.API", "Calculator.API\Calculator.API.csproj", "{5528D7BF-02DC-4D1E-B437-B212E208E17A}"
EndProject
Project("{2150E333-8FDC-42A3-9474-1A3956D46DE8}") = "Calculator", "Calculator", "{E27BA821-A950-4C18-B42F-50AB19D8B94C}"
EndProject
Global
	GlobalSection(SolutionConfigurationPlatforms) = preSolution
		Debug|Any CPU = Debug|Any CPU
		Release|Any CPU = Release|Any CPU
	EndGlobalSection
	GlobalSection(ProjectConfigurationPlatforms) = postSolution
		{A5290CCC-B7A1-4EDA-82CF-0B2B7116EE68}.Debug|Any CPU.ActiveCfg = Debug|Any CPU
		{A5290CCC-B7A1-4EDA-82CF-0B2B7116EE68}.Debug|Any CPU.Build.0 = Debug|Any CPU
		{A5290CCC-B7A1-4EDA-82CF-0B2B7116EE68}.Release|Any CPU.ActiveCfg = Release|Any CPU
		{A5290CCC-B7A1-4EDA-82CF-0B2B7116EE68}.Release|Any CPU.Build.0 = Release|Any CPU
		{931FB813-1DA8-4379-8C5E-BC82F5D7E7A1}.Debug|Any CPU.ActiveCfg = Debug|Any CPU
		{931FB813-1DA8-4379-8C5E-BC82F5D7E7A1}.Debug|Any CPU.Build.0 = Debug|Any CPU
		{931FB813-1DA8-4379-8C5E-BC82F5D7E7A1}.Release|Any CPU.ActiveCfg = Release|Any CPU
		{931FB813-1DA8-4379-8C5E-BC82F5D7E7A1}.Release|Any CPU.Build.0 = Release|Any CPU
		{F5905428-E1C7-40B2-8CBD-1935A7FD8B67}.Debug|Any CPU.ActiveCfg = Debug|Any CPU
		{F5905428-E1C7-40B2-8CBD-1935A7FD8B67}.Debug|Any CPU.Build.0 = Debug|Any CPU
		{F5905428-E1C7-40B2-8CBD-1935A7FD8B67}.Release|Any CPU.ActiveCfg = Release|Any CPU
		{F5905428-E1C7-40B2-8CBD-1935A7FD8B67}.Release|Any CPU.Build.0 = Release|Any CPU
		{1CA47A7D-A14A-4AA3-9FD0-BE78DBEEBA08}.Debug|Any CPU.ActiveCfg = Debug|Any CPU
		{1CA47A7D-A14A-4AA3-9FD0-BE78DBEEBA08}.Debug|Any CPU.Build.0 = Debug|Any CPU
		{1CA47A7D-A14A-4AA3-9FD0-BE78DBEEBA08}.Release|Any CPU.ActiveCfg = Release|Any CPU
		{1CA47A7D-A14A-4AA3-9FD0-BE78DBEEBA08}.Release|Any CPU.Build.0 = Release|Any CPU
		{5528D7BF-02DC-4D1E-B437-B212E208E17A}.Debug|Any CPU.ActiveCfg = Debug|Any CPU
		{5528D7BF-02DC-4D1E-B437-B212E208E17A}.Debug|Any CPU.Build.0 = Debug|Any CPU
		{5528D7BF-02DC-4D1E-B437-B212E208E17A}.Release|Any CPU.ActiveCfg = Release|Any CPU
		{5528D7BF-02DC-4D1E-B437-B212E208E17A}.Release|Any CPU.Build.0 = Release|Any CPU
	EndGlobalSection
	GlobalSection(SolutionProperties) = preSolution
		HideSolutionNode = FALSE
	EndGlobalSection
	GlobalSection(NestedProjects) = preSolution
		{A5290CCC-B7A1-4EDA-82CF-0B2B7116EE68} = {7F964D45-311A-4B63-BBC2-2CAE9BAA995C}
		{931FB813-1DA8-4379-8C5E-BC82F5D7E7A1} = {7F964D45-311A-4B63-BBC2-2CAE9BAA995C}
		{F5905428-E1C7-40B2-8CBD-1935A7FD8B67} = {7F964D45-311A-4B63-BBC2-2CAE9BAA995C}
		{40F45567-B3D7-46BC-9B49-BED0071F07A4} = {7F964D45-311A-4B63-BBC2-2CAE9BAA995C}
		{5528D7BF-02DC-4D1E-B437-B212E208E17A} = {E27BA821-A950-4C18-B42F-50AB19D8B94C}
		{E27BA821-A950-4C18-B42F-50AB19D8B94C} = {40F45567-B3D7-46BC-9B49-BED0071F07A4}
	EndGlobalSection
	GlobalSection(ExtensibilityGlobals) = postSolution
		SolutionGuid = {18237980-2573-4909-8527-CF604DE3AFF8}
	EndGlobalSection
EndGlobal
