
Microsoft Visual Studio Solution File, Format Version 12.00
# Visual Studio Version 16
VisualStudioVersion = 16.0.30320.27
MinimumVisualStudioVersion = 10.0.40219.1
Project("{9A19103F-16F7-4668-BE54-9A1E7A4F7556}") = "TestConcepts.WebApi", "TestConcepts.WebApi\TestConcepts.WebApi.csproj", "{9301F4B5-367A-44E3-96B7-2CC2105468BC}"
EndProject
Project("{2150E333-8FDC-42A3-9474-1A3956D46DE8}") = "1. Web", "1. Web", "{D6B20DD7-232D-42CC-95B5-C03C5EC19181}"
EndProject
Project("{2150E333-8FDC-42A3-9474-1A3956D46DE8}") = "2. Controllers", "2. Controllers", "{9A4EAFB8-3C43-4CE0-85B1-DE5299C5C34D}"
EndProject
Project("{2150E333-8FDC-42A3-9474-1A3956D46DE8}") = "3. Infrastructure", "3. Infrastructure", "{BA76334A-4FB9-4D85-91AE-C3D767D92F26}"
EndProject
Project("{2150E333-8FDC-42A3-9474-1A3956D46DE8}") = "4. Tests", "4. Tests", "{E49C94BB-05A9-47BD-A93B-D9DAFEF6905F}"
EndProject
Project("{9A19103F-16F7-4668-BE54-9A1E7A4F7556}") = "TestConcepts.Test", "TestConcepts.Test\TestConcepts.Test.csproj", "{FDEE318D-536C-44B3-9D55-7BF0A1F36D80}"
EndProject
Project("{9A19103F-16F7-4668-BE54-9A1E7A4F7556}") = "TestConcepts.Repository", "TestConcepts.Repository\TestConcepts.Repository.csproj", "{A7D416CB-03AB-4570-8FCC-450ADC9C87CB}"
EndProject
Project("{9A19103F-16F7-4668-BE54-9A1E7A4F7556}") = "TestConcepts.Domain", "TestConcepts.Domain\TestConcepts.Domain.csproj", "{4E91B809-43CE-417D-B0DC-EB00FCEB2A4D}"
EndProject
Project("{2150E333-8FDC-42A3-9474-1A3956D46DE8}") = "0. Console", "0. Console", "{43F60CB6-1545-4A7B-9261-FE0B6557E3FB}"
EndProject
Project("{9A19103F-16F7-4668-BE54-9A1E7A4F7556}") = "TestConcepts.Console", "TestConcepts.Console\TestConcepts.Console.csproj", "{0C5E74CF-2D8B-4344-8D15-8C8FA0CB536E}"
EndProject
Project("{FAE04EC0-301F-11D3-BF4B-00C04F79EFBC}") = "TestConcepts.Business", "TestConcepts.Business\TestConcepts.Business.csproj", "{2B11036F-65DB-468A-BDB9-870DB281A559}"
EndProject
Global
	GlobalSection(SolutionConfigurationPlatforms) = preSolution
		Debug|Any CPU = Debug|Any CPU
		Release|Any CPU = Release|Any CPU
	EndGlobalSection
	GlobalSection(ProjectConfigurationPlatforms) = postSolution
		{9301F4B5-367A-44E3-96B7-2CC2105468BC}.Debug|Any CPU.ActiveCfg = Debug|Any CPU
		{9301F4B5-367A-44E3-96B7-2CC2105468BC}.Debug|Any CPU.Build.0 = Debug|Any CPU
		{9301F4B5-367A-44E3-96B7-2CC2105468BC}.Release|Any CPU.ActiveCfg = Release|Any CPU
		{9301F4B5-367A-44E3-96B7-2CC2105468BC}.Release|Any CPU.Build.0 = Release|Any CPU
		{FDEE318D-536C-44B3-9D55-7BF0A1F36D80}.Debug|Any CPU.ActiveCfg = Debug|Any CPU
		{FDEE318D-536C-44B3-9D55-7BF0A1F36D80}.Debug|Any CPU.Build.0 = Debug|Any CPU
		{FDEE318D-536C-44B3-9D55-7BF0A1F36D80}.Release|Any CPU.ActiveCfg = Release|Any CPU
		{FDEE318D-536C-44B3-9D55-7BF0A1F36D80}.Release|Any CPU.Build.0 = Release|Any CPU
		{A7D416CB-03AB-4570-8FCC-450ADC9C87CB}.Debug|Any CPU.ActiveCfg = Debug|Any CPU
		{A7D416CB-03AB-4570-8FCC-450ADC9C87CB}.Debug|Any CPU.Build.0 = Debug|Any CPU
		{A7D416CB-03AB-4570-8FCC-450ADC9C87CB}.Release|Any CPU.ActiveCfg = Release|Any CPU
		{A7D416CB-03AB-4570-8FCC-450ADC9C87CB}.Release|Any CPU.Build.0 = Release|Any CPU
		{4E91B809-43CE-417D-B0DC-EB00FCEB2A4D}.Debug|Any CPU.ActiveCfg = Debug|Any CPU
		{4E91B809-43CE-417D-B0DC-EB00FCEB2A4D}.Debug|Any CPU.Build.0 = Debug|Any CPU
		{4E91B809-43CE-417D-B0DC-EB00FCEB2A4D}.Release|Any CPU.ActiveCfg = Release|Any CPU
		{4E91B809-43CE-417D-B0DC-EB00FCEB2A4D}.Release|Any CPU.Build.0 = Release|Any CPU
		{0C5E74CF-2D8B-4344-8D15-8C8FA0CB536E}.Debug|Any CPU.ActiveCfg = Debug|Any CPU
		{0C5E74CF-2D8B-4344-8D15-8C8FA0CB536E}.Debug|Any CPU.Build.0 = Debug|Any CPU
		{0C5E74CF-2D8B-4344-8D15-8C8FA0CB536E}.Release|Any CPU.ActiveCfg = Release|Any CPU
		{0C5E74CF-2D8B-4344-8D15-8C8FA0CB536E}.Release|Any CPU.Build.0 = Release|Any CPU
		{2B11036F-65DB-468A-BDB9-870DB281A559}.Debug|Any CPU.ActiveCfg = Debug|Any CPU
		{2B11036F-65DB-468A-BDB9-870DB281A559}.Debug|Any CPU.Build.0 = Debug|Any CPU
		{2B11036F-65DB-468A-BDB9-870DB281A559}.Release|Any CPU.ActiveCfg = Release|Any CPU
		{2B11036F-65DB-468A-BDB9-870DB281A559}.Release|Any CPU.Build.0 = Release|Any CPU
	EndGlobalSection
	GlobalSection(SolutionProperties) = preSolution
		HideSolutionNode = FALSE
	EndGlobalSection
	GlobalSection(NestedProjects) = preSolution
		{9301F4B5-367A-44E3-96B7-2CC2105468BC} = {9A4EAFB8-3C43-4CE0-85B1-DE5299C5C34D}
		{FDEE318D-536C-44B3-9D55-7BF0A1F36D80} = {E49C94BB-05A9-47BD-A93B-D9DAFEF6905F}
		{A7D416CB-03AB-4570-8FCC-450ADC9C87CB} = {BA76334A-4FB9-4D85-91AE-C3D767D92F26}
		{4E91B809-43CE-417D-B0DC-EB00FCEB2A4D} = {BA76334A-4FB9-4D85-91AE-C3D767D92F26}
		{0C5E74CF-2D8B-4344-8D15-8C8FA0CB536E} = {43F60CB6-1545-4A7B-9261-FE0B6557E3FB}
		{2B11036F-65DB-468A-BDB9-870DB281A559} = {BA76334A-4FB9-4D85-91AE-C3D767D92F26}
	EndGlobalSection
	GlobalSection(ExtensibilityGlobals) = postSolution
		SolutionGuid = {18237980-2573-4909-8527-CF604DE3AFF8}
	EndGlobalSection
EndGlobal
