
Microsoft Visual Studio Solution File, Format Version 12.00
# Visual Studio Version 16
VisualStudioVersion = 16.0.30320.27
MinimumVisualStudioVersion = 10.0.40219.1
Project("{2150E333-8FDC-42A3-9474-1A3956D46DE8}") = "src", "src", "{7F964D45-311A-4B63-BBC2-2CAE9BAA995C}"
EndProject
Project("{2150E333-8FDC-42A3-9474-1A3956D46DE8}") = "services", "services", "{40F45567-B3D7-46BC-9B49-BED0071F07A4}"
EndProject
Project("{9A19103F-16F7-4668-BE54-9A1E7A4F7556}") = "Calculator.API", "Services\Calculator.API\Calculator.API.csproj", "{B7D9214B-FE26-4861-8922-770C8A7F1DB4}"
EndProject
Project("{9A19103F-16F7-4668-BE54-9A1E7A4F7556}") = "PublicApi", "Services\PublicApi\PublicApi.csproj", "{62C23458-7639-4845-A853-5786426D66D5}"
EndProject
Project("{2150E333-8FDC-42A3-9474-1A3956D46DE8}") = "core", "core", "{9AE10A60-AC17-4F79-88BB-2EDCF381E330}"
EndProject
Project("{E53339B2-1760-4266-BCC7-CA923CBCF16C}") = "docker-compose", "docker-compose.dcproj", "{787E5092-E77F-4862-A24D-91826E597466}"
EndProject
Project("{2150E333-8FDC-42A3-9474-1A3956D46DE8}") = "tests", "tests", "{E00B4113-ABE7-42A8-9214-CB7998F499C4}"
EndProject
Project("{2150E333-8FDC-42A3-9474-1A3956D46DE8}") = "services", "services", "{099FC9C7-E801-487F-9526-61DA36DF9235}"
EndProject
Project("{9A19103F-16F7-4668-BE54-9A1E7A4F7556}") = "Catalog.FunctionalTests", "..\tests\Catalog.FunctionalTests\Catalog.FunctionalTests.csproj", "{115B54F8-340A-40C2-B47B-BCCB4F5CC01E}"
EndProject
Project("{2150E333-8FDC-42A3-9474-1A3956D46DE8}") = "event", "event", "{9C8DF008-9747-49F9-8AF3-453B9E2BA805}"
EndProject
Project("{9A19103F-16F7-4668-BE54-9A1E7A4F7556}") = "EventBus", "EventBus\EventBus.csproj", "{A9B1737B-70E9-468D-B834-12D1ACB6414C}"
EndProject
Project("{9A19103F-16F7-4668-BE54-9A1E7A4F7556}") = "EventBusRabbitMQ", "EventBusRabbitMQ\EventBusRabbitMQ.csproj", "{6181D49C-B167-40B6-BB1A-50A56F0F283D}"
EndProject
Project("{9A19103F-16F7-4668-BE54-9A1E7A4F7556}") = "EventBusServiceBus", "EventBusServiceBus\EventBusServiceBus.csproj", "{BF37DD37-403C-4D07-9EE9-20E7192D272E}"
EndProject
Project("{9A19103F-16F7-4668-BE54-9A1E7A4F7556}") = "IntegrationEventLogEF", "IntegrationEventLogEF\IntegrationEventLogEF.csproj", "{53F79493-4F7A-436B-862F-899ED43F6030}"
EndProject
Global
	GlobalSection(SolutionConfigurationPlatforms) = preSolution
		Debug|Any CPU = Debug|Any CPU
		Release|Any CPU = Release|Any CPU
	EndGlobalSection
	GlobalSection(ProjectConfigurationPlatforms) = postSolution
		{B7D9214B-FE26-4861-8922-770C8A7F1DB4}.Debug|Any CPU.ActiveCfg = Debug|Any CPU
		{B7D9214B-FE26-4861-8922-770C8A7F1DB4}.Debug|Any CPU.Build.0 = Debug|Any CPU
		{B7D9214B-FE26-4861-8922-770C8A7F1DB4}.Release|Any CPU.ActiveCfg = Release|Any CPU
		{B7D9214B-FE26-4861-8922-770C8A7F1DB4}.Release|Any CPU.Build.0 = Release|Any CPU
		{62C23458-7639-4845-A853-5786426D66D5}.Debug|Any CPU.ActiveCfg = Debug|Any CPU
		{62C23458-7639-4845-A853-5786426D66D5}.Debug|Any CPU.Build.0 = Debug|Any CPU
		{62C23458-7639-4845-A853-5786426D66D5}.Release|Any CPU.ActiveCfg = Release|Any CPU
		{62C23458-7639-4845-A853-5786426D66D5}.Release|Any CPU.Build.0 = Release|Any CPU
		{787E5092-E77F-4862-A24D-91826E597466}.Debug|Any CPU.ActiveCfg = Debug|Any CPU
		{787E5092-E77F-4862-A24D-91826E597466}.Debug|Any CPU.Build.0 = Debug|Any CPU
		{787E5092-E77F-4862-A24D-91826E597466}.Release|Any CPU.ActiveCfg = Release|Any CPU
		{787E5092-E77F-4862-A24D-91826E597466}.Release|Any CPU.Build.0 = Release|Any CPU
		{115B54F8-340A-40C2-B47B-BCCB4F5CC01E}.Debug|Any CPU.ActiveCfg = Debug|Any CPU
		{115B54F8-340A-40C2-B47B-BCCB4F5CC01E}.Debug|Any CPU.Build.0 = Debug|Any CPU
		{115B54F8-340A-40C2-B47B-BCCB4F5CC01E}.Release|Any CPU.ActiveCfg = Release|Any CPU
		{115B54F8-340A-40C2-B47B-BCCB4F5CC01E}.Release|Any CPU.Build.0 = Release|Any CPU
		{A9B1737B-70E9-468D-B834-12D1ACB6414C}.Debug|Any CPU.ActiveCfg = Debug|Any CPU
		{A9B1737B-70E9-468D-B834-12D1ACB6414C}.Debug|Any CPU.Build.0 = Debug|Any CPU
		{A9B1737B-70E9-468D-B834-12D1ACB6414C}.Release|Any CPU.ActiveCfg = Release|Any CPU
		{A9B1737B-70E9-468D-B834-12D1ACB6414C}.Release|Any CPU.Build.0 = Release|Any CPU
		{6181D49C-B167-40B6-BB1A-50A56F0F283D}.Debug|Any CPU.ActiveCfg = Debug|Any CPU
		{6181D49C-B167-40B6-BB1A-50A56F0F283D}.Debug|Any CPU.Build.0 = Debug|Any CPU
		{6181D49C-B167-40B6-BB1A-50A56F0F283D}.Release|Any CPU.ActiveCfg = Release|Any CPU
		{6181D49C-B167-40B6-BB1A-50A56F0F283D}.Release|Any CPU.Build.0 = Release|Any CPU
		{BF37DD37-403C-4D07-9EE9-20E7192D272E}.Debug|Any CPU.ActiveCfg = Debug|Any CPU
		{BF37DD37-403C-4D07-9EE9-20E7192D272E}.Debug|Any CPU.Build.0 = Debug|Any CPU
		{BF37DD37-403C-4D07-9EE9-20E7192D272E}.Release|Any CPU.ActiveCfg = Release|Any CPU
		{BF37DD37-403C-4D07-9EE9-20E7192D272E}.Release|Any CPU.Build.0 = Release|Any CPU
		{53F79493-4F7A-436B-862F-899ED43F6030}.Debug|Any CPU.ActiveCfg = Debug|Any CPU
		{53F79493-4F7A-436B-862F-899ED43F6030}.Debug|Any CPU.Build.0 = Debug|Any CPU
		{53F79493-4F7A-436B-862F-899ED43F6030}.Release|Any CPU.ActiveCfg = Release|Any CPU
		{53F79493-4F7A-436B-862F-899ED43F6030}.Release|Any CPU.Build.0 = Release|Any CPU
	EndGlobalSection
	GlobalSection(SolutionProperties) = preSolution
		HideSolutionNode = FALSE
	EndGlobalSection
	GlobalSection(NestedProjects) = preSolution
		{40F45567-B3D7-46BC-9B49-BED0071F07A4} = {7F964D45-311A-4B63-BBC2-2CAE9BAA995C}
		{B7D9214B-FE26-4861-8922-770C8A7F1DB4} = {40F45567-B3D7-46BC-9B49-BED0071F07A4}
		{62C23458-7639-4845-A853-5786426D66D5} = {40F45567-B3D7-46BC-9B49-BED0071F07A4}
		{9AE10A60-AC17-4F79-88BB-2EDCF381E330} = {7F964D45-311A-4B63-BBC2-2CAE9BAA995C}
		{099FC9C7-E801-487F-9526-61DA36DF9235} = {E00B4113-ABE7-42A8-9214-CB7998F499C4}
		{115B54F8-340A-40C2-B47B-BCCB4F5CC01E} = {099FC9C7-E801-487F-9526-61DA36DF9235}
		{9C8DF008-9747-49F9-8AF3-453B9E2BA805} = {9AE10A60-AC17-4F79-88BB-2EDCF381E330}
		{A9B1737B-70E9-468D-B834-12D1ACB6414C} = {9C8DF008-9747-49F9-8AF3-453B9E2BA805}
		{6181D49C-B167-40B6-BB1A-50A56F0F283D} = {9C8DF008-9747-49F9-8AF3-453B9E2BA805}
		{BF37DD37-403C-4D07-9EE9-20E7192D272E} = {9C8DF008-9747-49F9-8AF3-453B9E2BA805}
		{53F79493-4F7A-436B-862F-899ED43F6030} = {9C8DF008-9747-49F9-8AF3-453B9E2BA805}
	EndGlobalSection
	GlobalSection(ExtensibilityGlobals) = postSolution
		SolutionGuid = {18237980-2573-4909-8527-CF604DE3AFF8}
	EndGlobalSection
EndGlobal
